
Microsoft Visual Studio Solution File, Format Version 12.00
# Visual Studio Version 17
VisualStudioVersion = 17.1.32319.34
MinimumVisualStudioVersion = 10.0.40219.1
Project("{9A19103F-16F7-4668-BE54-9A1E7A4F7556}") = "Trees", "Trees\Trees.csproj", "{5DDD808F-A0B2-42F4-992A-9ED389FB1F1B}"
EndProject
Project("{9A19103F-16F7-4668-BE54-9A1E7A4F7556}") = "Trees.Classes", "Trees.Classes\Trees.Classes.csproj", "{F48BD690-BB12-48A8-A7FF-766873CF244A}"
EndProject
Project("{9A19103F-16F7-4668-BE54-9A1E7A4F7556}") = "Trees.Tests", "Trees.Tests\Trees.Tests.csproj", "{049725ED-42F8-4A8C-9B28-8C460C95BBF4}"
EndProject
Project("{9A19103F-16F7-4668-BE54-9A1E7A4F7556}") = "Trees.Gui", "Trees.Gui\Trees.Gui.csproj", "{82E8520B-2488-4487-B511-FD464B75EA26}"
EndProject
Project("{2150E333-8FDC-42A3-9474-1A3956D46DE8}") = "Solution Items", "Solution Items", "{2528956C-16A5-471D-B0D5-D8C0F00AAEF6}"
	ProjectSection(SolutionItems) = preProject
		README.md = README.md
	EndProjectSection
EndProject
Global
	GlobalSection(SolutionConfigurationPlatforms) = preSolution
		Debug|Any CPU = Debug|Any CPU
		Release|Any CPU = Release|Any CPU
	EndGlobalSection
	GlobalSection(ProjectConfigurationPlatforms) = postSolution
		{5DDD808F-A0B2-42F4-992A-9ED389FB1F1B}.Debug|Any CPU.ActiveCfg = Debug|Any CPU
		{5DDD808F-A0B2-42F4-992A-9ED389FB1F1B}.Debug|Any CPU.Build.0 = Debug|Any CPU
		{5DDD808F-A0B2-42F4-992A-9ED389FB1F1B}.Release|Any CPU.ActiveCfg = Release|Any CPU
		{5DDD808F-A0B2-42F4-992A-9ED389FB1F1B}.Release|Any CPU.Build.0 = Release|Any CPU
		{F48BD690-BB12-48A8-A7FF-766873CF244A}.Debug|Any CPU.ActiveCfg = Debug|Any CPU
		{F48BD690-BB12-48A8-A7FF-766873CF244A}.Debug|Any CPU.Build.0 = Debug|Any CPU
		{F48BD690-BB12-48A8-A7FF-766873CF244A}.Release|Any CPU.ActiveCfg = Release|Any CPU
		{F48BD690-BB12-48A8-A7FF-766873CF244A}.Release|Any CPU.Build.0 = Release|Any CPU
		{049725ED-42F8-4A8C-9B28-8C460C95BBF4}.Debug|Any CPU.ActiveCfg = Debug|Any CPU
		{049725ED-42F8-4A8C-9B28-8C460C95BBF4}.Debug|Any CPU.Build.0 = Debug|Any CPU
		{049725ED-42F8-4A8C-9B28-8C460C95BBF4}.Release|Any CPU.ActiveCfg = Release|Any CPU
		{049725ED-42F8-4A8C-9B28-8C460C95BBF4}.Release|Any CPU.Build.0 = Release|Any CPU
		{82E8520B-2488-4487-B511-FD464B75EA26}.Debug|Any CPU.ActiveCfg = Debug|Any CPU
		{82E8520B-2488-4487-B511-FD464B75EA26}.Debug|Any CPU.Build.0 = Debug|Any CPU
		{82E8520B-2488-4487-B511-FD464B75EA26}.Debug|Any CPU.Deploy.0 = Debug|Any CPU
		{82E8520B-2488-4487-B511-FD464B75EA26}.Release|Any CPU.ActiveCfg = Release|Any CPU
		{82E8520B-2488-4487-B511-FD464B75EA26}.Release|Any CPU.Build.0 = Release|Any CPU
		{82E8520B-2488-4487-B511-FD464B75EA26}.Release|Any CPU.Deploy.0 = Release|Any CPU
	EndGlobalSection
	GlobalSection(SolutionProperties) = preSolution
		HideSolutionNode = FALSE
	EndGlobalSection
	GlobalSection(ExtensibilityGlobals) = postSolution
		SolutionGuid = {60089A62-01BE-4FB1-854A-A7FE720ED833}
	EndGlobalSection
EndGlobal
